[[package]]
name = "alabaster"
version = "0.7.12"
description = "A configurable sidebar-enabled Sphinx theme"
category = "dev"
optional = false
python-versions = "*"

[[package]]
name = "appdirs"
version = "1.4.4"
description = "A small Python module for determining appropriate platform-specific dirs, e.g. a \"user data dir\"."
category = "dev"
optional = false
python-versions = "*"

[[package]]
name = "astor"
version = "0.8.1"
description = "Read/rewrite/write Python ASTs"
category = "dev"
optional = false
python-versions = "!=3.0.*,!=3.1.*,!=3.2.*,!=3.3.*,>=2.7"

[[package]]
name = "astroid"
version = "2.5.1"
description = "An abstract syntax tree for Python with inference support."
category = "dev"
optional = false
python-versions = ">=3.6"

[package.dependencies]
lazy-object-proxy = ">=1.4.0"
wrapt = ">=1.11,<1.13"

[[package]]
name = "atomicwrites"
version = "1.4.0"
description = "Atomic file writes."
category = "dev"
optional = false
python-versions = ">=2.7, !=3.0.*, !=3.1.*, !=3.2.*, !=3.3.*"

[[package]]
name = "attrs"
version = "20.3.0"
description = "Classes Without Boilerplate"
category = "dev"
optional = false
python-versions = ">=2.7, !=3.0.*, !=3.1.*, !=3.2.*, !=3.3.*"

[package.extras]
dev = ["coverage[toml] (>=5.0.2)", "hypothesis", "pympler", "pytest (>=4.3.0)", "six", "zope.interface", "furo", "sphinx", "pre-commit"]
docs = ["furo", "sphinx", "zope.interface"]
tests = ["coverage[toml] (>=5.0.2)", "hypothesis", "pympler", "pytest (>=4.3.0)", "six", "zope.interface"]
tests_no_zope = ["coverage[toml] (>=5.0.2)", "hypothesis", "pympler", "pytest (>=4.3.0)", "six"]

[[package]]
name = "autorepr"
version = "0.3.0"
description = "Makes civilized __repr__, __str__, and __unicode__ methods"
category = "dev"
optional = false
python-versions = "*"

[[package]]
name = "babel"
version = "2.9.0"
description = "Internationalization utilities"
category = "dev"
optional = false
python-versions = ">=2.7, !=3.0.*, !=3.1.*, !=3.2.*, !=3.3.*"

[package.dependencies]
pytz = ">=2015.7"

[[package]]
name = "bandit"
version = "1.7.0"
description = "Security oriented static analyser for python code."
category = "dev"
optional = false
python-versions = ">=3.5"

[package.dependencies]
colorama = {version = ">=0.3.9", markers = "platform_system == \"Windows\""}
GitPython = ">=1.0.1"
PyYAML = ">=5.3.1"
six = ">=1.10.0"
stevedore = ">=1.20.0"

[[package]]
name = "beautifulsoup4"
version = "4.9.3"
description = "Screen-scraping library"
category = "dev"
optional = false
python-versions = "*"

[package.dependencies]
soupsieve = {version = ">1.2", markers = "python_version >= \"3.0\""}

[package.extras]
html5lib = ["html5lib"]
lxml = ["lxml"]

[[package]]
name = "black"
version = "20.8b1"
description = "The uncompromising code formatter."
category = "dev"
optional = false
python-versions = ">=3.6"

[package.dependencies]
appdirs = "*"
click = ">=7.1.2"
mypy-extensions = ">=0.4.3"
pathspec = ">=0.6,<1"
regex = ">=2020.1.8"
toml = ">=0.10.1"
typed-ast = ">=1.4.0"
typing-extensions = ">=3.7.4"

[package.extras]
colorama = ["colorama (>=0.4.3)"]
d = ["aiohttp (>=3.3.2)", "aiohttp-cors"]

[[package]]
name = "bump2version"
version = "1.0.1"
description = "Version-bump your software with a single command!"
category = "dev"
optional = false
python-versions = ">=3.5"

[[package]]
name = "certifi"
version = "2020.12.5"
description = "Python package for providing Mozilla's CA Bundle."
category = "dev"
optional = false
python-versions = "*"

[[package]]
name = "cfgv"
version = "3.2.0"
description = "Validate configuration and produce human readable error messages."
category = "dev"
optional = false
python-versions = ">=3.6.1"

[[package]]
name = "chardet"
version = "4.0.0"
description = "Universal encoding detector for Python 2 and 3"
category = "dev"
optional = false
python-versions = ">=2.7, !=3.0.*, !=3.1.*, !=3.2.*, !=3.3.*, !=3.4.*"

[[package]]
name = "click"
version = "7.1.2"
description = "Composable command line interface toolkit"
category = "main"
optional = false
python-versions = ">=2.7, !=3.0.*, !=3.1.*, !=3.2.*, !=3.3.*, !=3.4.*"

[[package]]
name = "colorama"
version = "0.4.4"
description = "Cross-platform colored terminal text."
category = "dev"
optional = false
python-versions = ">=2.7, !=3.0.*, !=3.1.*, !=3.2.*, !=3.3.*, !=3.4.*"

[[package]]
name = "configupdater"
version = "2.0"
description = "Parser like ConfigParser but for updating configuration files"
category = "dev"
optional = false
python-versions = ">=3.6"

[package.extras]
testing = ["sphinx", "flake8", "pytest", "pytest-cov", "pytest-virtualenv", "pytest-xdist"]

[[package]]
name = "coverage"
version = "5.5"
description = "Code coverage measurement for Python"
category = "dev"
optional = false
python-versions = ">=2.7, !=3.0.*, !=3.1.*, !=3.2.*, !=3.3.*, !=3.4.*, <4"

[package.extras]
toml = ["toml"]

[[package]]
name = "darglint"
version = "1.6.0"
description = "A utility for ensuring Google-style docstrings stay up to date with the source code."
category = "dev"
optional = false
python-versions = ">=3.6,<4.0"

[[package]]
name = "dictdiffer"
version = "0.8.1"
description = "Dictdiffer is a library that helps you to diff and patch dictionaries."
category = "dev"
optional = false
python-versions = "*"

[package.extras]
all = ["Sphinx (>=1.4.4)", "sphinx-rtd-theme (>=0.1.9)", "check-manifest (>=0.25)", "coverage (>=4.0)", "isort (>=4.2.2)", "mock (>=1.3.0)", "pydocstyle (>=1.0.0)", "pytest-cov (>=1.8.0)", "pytest-pep8 (>=1.0.6)", "pytest (>=2.8.0)", "tox (>=3.7.0)", "numpy (>=1.11.0)"]
docs = ["Sphinx (>=1.4.4)", "sphinx-rtd-theme (>=0.1.9)"]
numpy = ["numpy (>=1.11.0)"]
tests = ["check-manifest (>=0.25)", "coverage (>=4.0)", "isort (>=4.2.2)", "mock (>=1.3.0)", "pydocstyle (>=1.0.0)", "pytest-cov (>=1.8.0)", "pytest-pep8 (>=1.0.6)", "pytest (>=2.8.0)", "tox (>=3.7.0)"]

[[package]]
name = "distlib"
version = "0.3.1"
description = "Distribution utilities"
category = "dev"
optional = false
python-versions = "*"

[[package]]
name = "doc8"
version = "0.8.1"
description = "Style checker for Sphinx (or other) RST documentation"
category = "dev"
optional = false
python-versions = "*"

[package.dependencies]
chardet = "*"
docutils = "*"
Pygments = "*"
restructuredtext-lint = ">=0.7"
six = "*"
stevedore = "*"

[[package]]
name = "docutils"
version = "0.16"
description = "Docutils -- Python Documentation Utilities"
category = "dev"
optional = false
python-versions = ">=2.7, !=3.0.*, !=3.1.*, !=3.2.*, !=3.3.*, !=3.4.*"

[[package]]
name = "dparse"
version = "0.5.1"
description = "A parser for Python dependency files"
category = "dev"
optional = false
python-versions = ">=3.5"

[package.dependencies]
packaging = "*"
pyyaml = "*"
toml = "*"

[package.extras]
pipenv = ["pipenv"]

[[package]]
name = "eradicate"
version = "2.0.0"
description = "Removes commented-out code."
category = "dev"
optional = false
python-versions = "*"

[[package]]
name = "filelock"
version = "3.0.12"
description = "A platform independent file lock."
category = "dev"
optional = false
python-versions = "*"

[[package]]
name = "flake8"
version = "3.9.0"
description = "the modular source code checker: pep8 pyflakes and co"
category = "dev"
optional = false
python-versions = "!=3.0.*,!=3.1.*,!=3.2.*,!=3.3.*,!=3.4.*,>=2.7"

[package.dependencies]
mccabe = ">=0.6.0,<0.7.0"
pycodestyle = ">=2.7.0,<2.8.0"
pyflakes = ">=2.3.0,<2.4.0"

[[package]]
name = "flake8-bandit"
version = "2.1.2"
description = "Automated security testing with bandit and flake8."
category = "dev"
optional = false
python-versions = "*"

[package.dependencies]
bandit = "*"
flake8 = "*"
flake8-polyfill = "*"
pycodestyle = "*"

[[package]]
name = "flake8-broken-line"
version = "0.3.0"
description = "Flake8 plugin to forbid backslashes for line breaks"
category = "dev"
optional = false
python-versions = ">=3.6,<4.0"

[package.dependencies]
flake8 = ">=3.5,<4.0"

[[package]]
name = "flake8-bugbear"
version = "20.11.1"
description = "A plugin for flake8 finding likely bugs and design problems in your program. Contains warnings that don't belong in pyflakes and pycodestyle."
category = "dev"
optional = false
python-versions = ">=3.6"

[package.dependencies]
attrs = ">=19.2.0"
flake8 = ">=3.0.0"

[package.extras]
dev = ["coverage", "black", "hypothesis", "hypothesmith"]

[[package]]
name = "flake8-commas"
version = "2.0.0"
description = "Flake8 lint for trailing commas."
category = "dev"
optional = false
python-versions = "*"

[package.dependencies]
flake8 = ">=2,<4.0.0"

[[package]]
name = "flake8-comprehensions"
version = "3.3.1"
description = "A flake8 plugin to help you write better list/set/dict comprehensions."
category = "dev"
optional = false
python-versions = ">=3.6"

[package.dependencies]
flake8 = ">=3.0,<3.2.0 || >3.2.0,<4"

[[package]]
name = "flake8-debugger"
version = "4.0.0"
description = "ipdb/pdb statement checker plugin for flake8"
category = "dev"
optional = false
python-versions = ">=3.6"

[package.dependencies]
flake8 = ">=3.0"
pycodestyle = "*"
six = "*"

[[package]]
name = "flake8-docstrings"
version = "1.5.0"
description = "Extension for flake8 which uses pydocstyle to check docstrings"
category = "dev"
optional = false
python-versions = "*"

[package.dependencies]
flake8 = ">=3"
pydocstyle = ">=2.1"

[[package]]
name = "flake8-eradicate"
version = "1.0.0"
description = "Flake8 plugin to find commented out code"
category = "dev"
optional = false
python-versions = ">=3.6,<4.0"

[package.dependencies]
attrs = "*"
eradicate = ">=2.0,<3.0"
flake8 = ">=3.5,<4.0"

[[package]]
name = "flake8-isort"
version = "4.0.0"
description = "flake8 plugin that integrates isort ."
category = "dev"
optional = false
python-versions = "*"

[package.dependencies]
flake8 = ">=3.2.1,<4"
isort = ">=4.3.5,<6"
testfixtures = ">=6.8.0,<7"

[package.extras]
test = ["pytest (>=4.0.2,<6)", "toml"]

[[package]]
name = "flake8-plugin-utils"
version = "1.3.1"
description = "The package provides base classes and utils for flake8 plugin writing"
category = "dev"
optional = false
python-versions = ">=3.6,<4.0"

[[package]]
name = "flake8-polyfill"
version = "1.0.2"
description = "Polyfill package for Flake8 plugins"
category = "dev"
optional = false
python-versions = "*"

[package.dependencies]
flake8 = "*"

[[package]]
name = "flake8-pytest-style"
version = "1.4.0"
description = "A flake8 plugin checking common style issues or inconsistencies with pytest-based tests."
category = "dev"
optional = false
python-versions = ">=3.6,<4.0"

[package.dependencies]
flake8-plugin-utils = ">=1.3.1,<2.0.0"

[[package]]
name = "flake8-quotes"
version = "3.2.0"
description = "Flake8 lint for quotes."
category = "dev"
optional = false
python-versions = "*"

[package.dependencies]
flake8 = "*"

[[package]]
name = "flake8-rst-docstrings"
version = "0.0.14"
description = "Python docstring reStructuredText (RST) validator"
category = "dev"
optional = false
python-versions = "*"

[package.dependencies]
flake8 = ">=3.0.0"
restructuredtext_lint = "*"

[[package]]
name = "flake8-string-format"
version = "0.3.0"
description = "string format checker, plugin for flake8"
category = "dev"
optional = false
python-versions = "*"

[package.dependencies]
flake8 = "*"

[[package]]
name = "gitdb"
version = "4.0.5"
description = "Git Object Database"
category = "dev"
optional = false
python-versions = ">=3.4"

[package.dependencies]
smmap = ">=3.0.1,<4"

[[package]]
name = "gitpython"
version = "3.1.13"
description = "Python Git Library"
category = "dev"
optional = false
python-versions = ">=3.4"

[package.dependencies]
gitdb = ">=4.0.1,<5"

[[package]]
name = "html5lib"
version = "1.1"
description = "HTML parser based on the WHATWG HTML specification"
category = "dev"
optional = false
python-versions = ">=2.7, !=3.0.*, !=3.1.*, !=3.2.*, !=3.3.*, !=3.4.*"

[package.dependencies]
six = ">=1.9"
webencodings = "*"

[package.extras]
all = ["genshi", "chardet (>=2.2)", "lxml"]
chardet = ["chardet (>=2.2)"]
genshi = ["genshi"]
lxml = ["lxml"]

[[package]]
name = "identify"
version = "1.5.13"
description = "File identification library for Python"
category = "dev"
optional = false
python-versions = "!=3.0.*,!=3.1.*,!=3.2.*,!=3.3.*,>=2.7"

[package.extras]
license = ["editdistance"]

[[package]]
name = "idna"
version = "2.10"
description = "Internationalized Domain Names in Applications (IDNA)"
category = "dev"
optional = false
python-versions = ">=2.7, !=3.0.*, !=3.1.*, !=3.2.*, !=3.3.*"

[[package]]
name = "imagesize"
version = "1.2.0"
description = "Getting image size from png/jpeg/jpeg2000/gif file"
category = "dev"
optional = false
python-versions = ">=2.7, !=3.0.*, !=3.1.*, !=3.2.*, !=3.3.*"

[[package]]
name = "iniconfig"
version = "1.1.1"
description = "iniconfig: brain-dead simple config-ini parsing"
category = "dev"
optional = false
python-versions = "*"

[[package]]
name = "isort"
version = "5.8.0"
description = "A Python utility / library to sort Python imports."
category = "dev"
optional = false
python-versions = ">=3.6,<4.0"

[package.extras]
pipfile_deprecated_finder = ["pipreqs", "requirementslib"]
requirements_deprecated_finder = ["pipreqs", "pip-api"]
colors = ["colorama (>=0.4.3,<0.5.0)"]

[[package]]
name = "jinja2"
version = "2.11.3"
description = "A very fast and expressive template engine."
category = "dev"
optional = false
python-versions = ">=2.7, !=3.0.*, !=3.1.*, !=3.2.*, !=3.3.*, !=3.4.*"

[package.dependencies]
MarkupSafe = ">=0.23"

[package.extras]
i18n = ["Babel (>=0.8)"]

[[package]]
name = "jmespath"
version = "0.10.0"
description = "JSON Matching Expressions"
category = "dev"
optional = false
python-versions = ">=2.6, !=3.0.*, !=3.1.*, !=3.2.*"

[[package]]
name = "lazy-object-proxy"
version = "1.4.3"
description = "A fast and thorough lazy object proxy."
category = "dev"
optional = false
python-versions = ">=2.7, !=3.0.*, !=3.1.*, !=3.2.*, !=3.3.*"

[[package]]
name = "loguru"
version = "0.5.3"
description = "Python logging made (stupidly) simple"
category = "dev"
optional = false
python-versions = ">=3.5"

[package.dependencies]
colorama = {version = ">=0.3.4", markers = "sys_platform == \"win32\""}
win32-setctime = {version = ">=1.0.0", markers = "sys_platform == \"win32\""}

[package.extras]
dev = ["codecov (>=2.0.15)", "colorama (>=0.3.4)", "flake8 (>=3.7.7)", "tox (>=3.9.0)", "tox-travis (>=0.12)", "pytest (>=4.6.2)", "pytest-cov (>=2.7.1)", "Sphinx (>=2.2.1)", "sphinx-autobuild (>=0.7.1)", "sphinx-rtd-theme (>=0.4.3)", "black (>=19.10b0)", "isort (>=5.1.1)"]

[[package]]
name = "m2r"
version = "0.2.1"
description = "Markdown and reStructuredText in a single file."
category = "dev"
optional = false
python-versions = "*"

[package.dependencies]
docutils = "*"
mistune = "*"

[[package]]
name = "markupsafe"
version = "1.1.1"
description = "Safely add untrusted strings to HTML/XML markup."
category = "dev"
optional = false
python-versions = ">=2.7,!=3.0.*,!=3.1.*,!=3.2.*,!=3.3.*"

[[package]]
name = "marshmallow"
version = "3.10.0"
description = "A lightweight library for converting complex datatypes to and from native Python datatypes."
category = "dev"
optional = false
python-versions = ">=3.5"

[package.extras]
dev = ["pytest", "pytz", "simplejson", "mypy (==0.790)", "flake8 (==3.8.4)", "flake8-bugbear (==20.11.1)", "pre-commit (>=2.4,<3.0)", "tox"]
docs = ["sphinx (==3.3.1)", "sphinx-issues (==1.2.0)", "alabaster (==0.7.12)", "sphinx-version-warning (==1.1.2)", "autodocsumm (==0.2.2)"]
lint = ["mypy (==0.790)", "flake8 (==3.8.4)", "flake8-bugbear (==20.11.1)", "pre-commit (>=2.4,<3.0)"]
tests = ["pytest", "pytz", "simplejson"]

[[package]]
name = "marshmallow-polyfield"
version = "5.10"
description = "An unofficial extension to Marshmallow to allow for polymorphic fields"
category = "dev"
optional = false
python-versions = ">=3.5"

[package.dependencies]
marshmallow = ">=3.0.0b10"

[[package]]
name = "mccabe"
version = "0.6.1"
description = "McCabe checker, plugin for flake8"
category = "dev"
optional = false
python-versions = "*"

[[package]]
name = "mistune"
version = "0.8.4"
description = "The fastest markdown parser in pure Python"
category = "dev"
optional = false
python-versions = "*"

[[package]]
name = "more-itertools"
version = "8.7.0"
description = "More routines for operating on iterables, beyond itertools"
category = "dev"
optional = false
python-versions = ">=3.5"

[[package]]
name = "mypy-extensions"
version = "0.4.3"
description = "Experimental type system extensions for programs checked with the mypy typechecker."
category = "dev"
optional = false
python-versions = "*"

[[package]]
name = "nitpick"
version = "0.25.0"
description = "Enforce the same configuration across multiple projects"
category = "dev"
optional = false
python-versions = ">=3.6,<4.0"

[package.dependencies]
attrs = "*"
autorepr = "*"
click = "*"
ConfigUpdater = "*"
dictdiffer = "*"
flake8 = ">=3.0.0"
identify = "*"
jmespath = "*"
loguru = "*"
marshmallow = ">=3.0.0b10"
marshmallow-polyfield = ">=5.10,<6.0"
more-itertools = "*"
pluggy = "*"
pydantic = "*"
python-slugify = "*"
requests = "*"
"ruamel.yaml" = "*"
sortedcontainers = "*"
toml = "*"
tomlkit = "*"

[package.extras]
lint = ["pylint"]
test = ["pytest-cov", "pytest", "responses", "testfixtures"]
doc = ["sphinx", "sphinx-rtd-theme", "sphobjinv"]

[[package]]
name = "nodeenv"
version = "1.5.0"
description = "Node.js virtual environment builder"
category = "dev"
optional = false
python-versions = "*"

[[package]]
name = "packaging"
version = "20.9"
description = "Core utilities for Python packages"
category = "dev"
optional = false
python-versions = ">=2.7, !=3.0.*, !=3.1.*, !=3.2.*, !=3.3.*"

[package.dependencies]
pyparsing = ">=2.0.2"

[[package]]
name = "pathspec"
version = "0.8.1"
description = "Utility library for gitignore style pattern matching of file paths."
category = "dev"
optional = false
python-versions = ">=2.7, !=3.0.*, !=3.1.*, !=3.2.*, !=3.3.*, !=3.4.*"

[[package]]
name = "pbr"
version = "5.5.1"
description = "Python Build Reasonableness"
category = "dev"
optional = false
python-versions = ">=2.6"

[[package]]
name = "pep8-naming"
version = "0.11.1"
description = "Check PEP-8 naming conventions, plugin for flake8"
category = "dev"
optional = false
python-versions = "*"

[package.dependencies]
flake8-polyfill = ">=1.0.2,<2"

[[package]]
name = "pluggy"
version = "0.13.1"
description = "plugin and hook calling mechanisms for python"
category = "dev"
optional = false
python-versions = ">=2.7, !=3.0.*, !=3.1.*, !=3.2.*, !=3.3.*"

[package.extras]
dev = ["pre-commit", "tox"]

[[package]]
name = "pre-commit"
version = "2.20.0"
description = "A framework for managing and maintaining multi-language pre-commit hooks."
category = "dev"
optional = false
python-versions = ">=3.7"

[package.dependencies]
cfgv = ">=2.0.0"
identify = ">=1.0.0"
nodeenv = ">=0.11.1"
pyyaml = ">=5.1"
toml = "*"
virtualenv = ">=20.0.8"

[[package]]
name = "py"
version = "1.10.0"
description = "library with cross-python path, ini-parsing, io, code, log facilities"
category = "dev"
optional = false
python-versions = ">=2.7, !=3.0.*, !=3.1.*, !=3.2.*, !=3.3.*"

[[package]]
name = "pycodestyle"
version = "2.7.0"
description = "Python style guide checker"
category = "dev"
optional = false
python-versions = ">=2.7, !=3.0.*, !=3.1.*, !=3.2.*, !=3.3.*"

[[package]]
name = "pydantic"
version = "1.8.1"
description = "Data validation and settings management using python 3.6 type hinting"
category = "dev"
optional = false
python-versions = ">=3.6.1"

[package.dependencies]
typing-extensions = ">=3.7.4.3"

[package.extras]
dotenv = ["python-dotenv (>=0.10.4)"]
email = ["email-validator (>=1.0.3)"]

[[package]]
name = "pydocstyle"
version = "5.1.1"
description = "Python docstring style checker"
category = "dev"
optional = false
python-versions = ">=3.5"

[package.dependencies]
snowballstemmer = "*"

[[package]]
name = "pyflakes"
version = "2.3.0"
description = "passive checker of Python programs"
category = "dev"
optional = false
python-versions = ">=2.7, !=3.0.*, !=3.1.*, !=3.2.*, !=3.3.*"

[[package]]
name = "pygments"
version = "2.7.4"
description = "Pygments is a syntax highlighting package written in Python."
category = "dev"
optional = false
python-versions = ">=3.5"

[[package]]
name = "pylint"
version = "2.7.2"
description = "python code static checker"
category = "dev"
optional = false
python-versions = "~=3.6"

[package.dependencies]
astroid = ">=2.5.1,<2.6"
colorama = {version = "*", markers = "sys_platform == \"win32\""}
isort = ">=4.2.5,<6"
mccabe = ">=0.6,<0.7"
toml = ">=0.7.1"

[package.extras]
docs = ["sphinx (==3.5.1)", "python-docs-theme (==2020.12)"]

[[package]]
name = "pyparsing"
version = "2.4.7"
description = "Python parsing module"
category = "dev"
optional = false
python-versions = ">=2.6, !=3.0.*, !=3.1.*, !=3.2.*"

[[package]]
name = "pytest"
version = "6.2.2"
description = "pytest: simple powerful testing with Python"
category = "dev"
optional = false
python-versions = ">=3.6"

[package.dependencies]
atomicwrites = {version = ">=1.0", markers = "sys_platform == \"win32\""}
attrs = ">=19.2.0"
colorama = {version = "*", markers = "sys_platform == \"win32\""}
iniconfig = "*"
packaging = "*"
pluggy = ">=0.12,<1.0.0a1"
py = ">=1.8.2"
toml = "*"

[package.extras]
testing = ["argcomplete", "hypothesis (>=3.56)", "mock", "nose", "requests", "xmlschema"]

[[package]]
name = "pytest-cov"
version = "2.11.1"
description = "Pytest plugin for measuring coverage."
category = "dev"
optional = false
python-versions = ">=2.7, !=3.0.*, !=3.1.*, !=3.2.*, !=3.3.*, !=3.4.*"

[package.dependencies]
coverage = ">=5.2.1"
pytest = ">=4.6"

[package.extras]
testing = ["fields", "hunter", "process-tests (==2.0.2)", "six", "pytest-xdist", "virtualenv"]

[[package]]
name = "pytest-randomly"
version = "3.5.0"
description = "Pytest plugin to randomly order tests and control random.seed."
category = "dev"
optional = false
python-versions = ">=3.5"

[package.dependencies]
pytest = "*"

[[package]]
name = "python-slugify"
version = "4.0.1"
description = "A Python Slugify application that handles Unicode"
category = "dev"
optional = false
python-versions = ">=2.7, !=3.0.*, !=3.1.*, !=3.2.*, !=3.3.*, !=3.4.*"

[package.dependencies]
text-unidecode = ">=1.3"

[package.extras]
unidecode = ["Unidecode (>=1.1.1)"]

[[package]]
name = "pytz"
version = "2021.1"
description = "World timezone definitions, modern and historical"
category = "dev"
optional = false
python-versions = "*"

[[package]]
name = "pyyaml"
version = "5.4.1"
description = "YAML parser and emitter for Python"
category = "dev"
optional = false
python-versions = ">=2.7, !=3.0.*, !=3.1.*, !=3.2.*, !=3.3.*, !=3.4.*, !=3.5.*"

[[package]]
name = "regex"
version = "2020.11.13"
description = "Alternative regular expression module, to replace re."
category = "dev"
optional = false
python-versions = "*"

[[package]]
name = "requests"
version = "2.25.1"
description = "Python HTTP for Humans."
category = "dev"
optional = false
python-versions = ">=2.7, !=3.0.*, !=3.1.*, !=3.2.*, !=3.3.*, !=3.4.*"

[package.dependencies]
certifi = ">=2017.4.17"
chardet = ">=3.0.2,<5"
idna = ">=2.5,<3"
urllib3 = ">=1.21.1,<1.27"

[package.extras]
security = ["pyOpenSSL (>=0.14)", "cryptography (>=1.3.4)"]
socks = ["PySocks (>=1.5.6,!=1.5.7)", "win-inet-pton"]

[[package]]
name = "restructuredtext-lint"
version = "1.3.2"
description = "reStructuredText linter"
category = "dev"
optional = false
python-versions = "*"

[package.dependencies]
docutils = ">=0.11,<1.0"

[[package]]
name = "ruamel.yaml"
version = "0.16.12"
description = "ruamel.yaml is a YAML parser/emitter that supports roundtrip preservation of comments, seq/map flow style, and map key order"
category = "dev"
optional = false
python-versions = "*"

[package.extras]
docs = ["ryd"]
jinja2 = ["ruamel.yaml.jinja2 (>=0.2)"]

[[package]]
name = "safety"
version = "1.10.3"
description = "Checks installed dependencies for known vulnerabilities."
category = "dev"
optional = false
python-versions = ">=3.5"

[package.dependencies]
Click = ">=6.0"
dparse = ">=0.5.1"
packaging = "*"
requests = "*"

[[package]]
name = "six"
version = "1.15.0"
description = "Python 2 and 3 compatibility utilities"
category = "dev"
optional = false
python-versions = ">=2.7, !=3.0.*, !=3.1.*, !=3.2.*"

[[package]]
name = "smmap"
version = "3.0.5"
description = "A pure Python implementation of a sliding window memory map manager"
category = "dev"
optional = false
python-versions = ">=2.7, !=3.0.*, !=3.1.*, !=3.2.*, !=3.3.*"

[[package]]
name = "snowballstemmer"
version = "2.1.0"
description = "This package provides 29 stemmers for 28 languages generated from Snowball algorithms."
category = "dev"
optional = false
python-versions = "*"

[[package]]
name = "sortedcontainers"
version = "2.3.0"
description = "Sorted Containers -- Sorted List, Sorted Dict, Sorted Set"
category = "dev"
optional = false
python-versions = "*"

[[package]]
name = "soupsieve"
version = "2.2"
description = "A modern CSS selector implementation for Beautiful Soup."
category = "dev"
optional = false
python-versions = ">=3.6"

[[package]]
name = "sphinx"
version = "3.5.2"
description = "Python documentation generator"
category = "dev"
optional = false
python-versions = ">=3.5"

[package.dependencies]
alabaster = ">=0.7,<0.8"
babel = ">=1.3"
colorama = {version = ">=0.3.5", markers = "sys_platform == \"win32\""}
docutils = ">=0.12"
imagesize = "*"
Jinja2 = ">=2.3"
packaging = "*"
Pygments = ">=2.0"
requests = ">=2.5.0"
snowballstemmer = ">=1.1"
sphinxcontrib-applehelp = "*"
sphinxcontrib-devhelp = "*"
sphinxcontrib-htmlhelp = "*"
sphinxcontrib-jsmath = "*"
sphinxcontrib-qthelp = "*"
sphinxcontrib-serializinghtml = "*"

[package.extras]
docs = ["sphinxcontrib-websupport"]
lint = ["flake8 (>=3.5.0)", "isort", "mypy (>=0.800)", "docutils-stubs"]
test = ["pytest", "pytest-cov", "html5lib", "cython", "typed-ast"]

[[package]]
name = "sphinx-autodoc-typehints"
version = "1.11.1"
description = "Type hints (PEP 484) support for the Sphinx autodoc extension"
category = "dev"
optional = false
python-versions = ">=3.5.2"

[package.dependencies]
Sphinx = ">=3.0"

[package.extras]
test = ["pytest (>=3.1.0)", "typing-extensions (>=3.5)", "sphobjinv (>=2.0)", "Sphinx (>=3.2.0)", "dataclasses"]
type_comments = ["typed-ast (>=1.4.0)"]

[[package]]
name = "sphinxcontrib-applehelp"
version = "1.0.2"
description = "sphinxcontrib-applehelp is a sphinx extension which outputs Apple help books"
category = "dev"
optional = false
python-versions = ">=3.5"

[package.extras]
lint = ["flake8", "mypy", "docutils-stubs"]
test = ["pytest"]

[[package]]
name = "sphinxcontrib-devhelp"
version = "1.0.2"
description = "sphinxcontrib-devhelp is a sphinx extension which outputs Devhelp document."
category = "dev"
optional = false
python-versions = ">=3.5"

[package.extras]
lint = ["flake8", "mypy", "docutils-stubs"]
test = ["pytest"]

[[package]]
name = "sphinxcontrib-htmlhelp"
version = "1.0.3"
description = "sphinxcontrib-htmlhelp is a sphinx extension which renders HTML help files"
category = "dev"
optional = false
python-versions = ">=3.5"

[package.extras]
lint = ["flake8", "mypy", "docutils-stubs"]
test = ["pytest", "html5lib"]

[[package]]
name = "sphinxcontrib-jsmath"
version = "1.0.1"
description = "A sphinx extension which renders display math in HTML via JavaScript"
category = "dev"
optional = false
python-versions = ">=3.5"

[package.extras]
test = ["pytest", "flake8", "mypy"]

[[package]]
name = "sphinxcontrib-qthelp"
version = "1.0.3"
description = "sphinxcontrib-qthelp is a sphinx extension which outputs QtHelp document."
category = "dev"
optional = false
python-versions = ">=3.5"

[package.extras]
lint = ["flake8", "mypy", "docutils-stubs"]
test = ["pytest"]

[[package]]
name = "sphinxcontrib-serializinghtml"
version = "1.1.4"
description = "sphinxcontrib-serializinghtml is a sphinx extension which outputs \"serialized\" HTML files (json and pickle)."
category = "dev"
optional = false
python-versions = ">=3.5"

[package.extras]
lint = ["flake8", "mypy", "docutils-stubs"]
test = ["pytest"]

[[package]]
name = "stevedore"
version = "3.3.0"
description = "Manage dynamic plugins for Python applications"
category = "dev"
optional = false
python-versions = ">=3.6"

[package.dependencies]
pbr = ">=2.0.0,<2.1.0 || >2.1.0"

[[package]]
name = "testfixtures"
version = "6.17.1"
description = "A collection of helpers and mock objects for unit tests and doc tests."
category = "dev"
optional = false
python-versions = "*"

[package.extras]
build = ["setuptools-git", "wheel", "twine"]
docs = ["sphinx", "zope.component", "sybil", "twisted", "mock", "django (<2)", "django"]
test = ["pytest (>=3.6)", "pytest-cov", "pytest-django", "zope.component", "sybil", "twisted", "mock", "django (<2)", "django"]

[[package]]
name = "text-unidecode"
version = "1.3"
description = "The most basic Text::Unidecode port"
category = "dev"
optional = false
python-versions = "*"

[[package]]
name = "toml"
version = "0.10.2"
description = "Python Library for Tom's Obvious, Minimal Language"
category = "dev"
optional = false
python-versions = ">=2.6, !=3.0.*, !=3.1.*, !=3.2.*"

[[package]]
name = "tomlkit"
version = "0.7.0"
description = "Style preserving TOML library"
category = "dev"
optional = false
python-versions = ">=2.7, !=3.0.*, !=3.1.*, !=3.2.*, !=3.3.*, !=3.4.*"

[[package]]
name = "tox"
version = "3.23.0"
description = "tox is a generic virtualenv management and test command line tool"
category = "dev"
optional = false
python-versions = "!=3.0.*,!=3.1.*,!=3.2.*,!=3.3.*,!=3.4.*,>=2.7"

[package.dependencies]
colorama = {version = ">=0.4.1", markers = "platform_system == \"Windows\""}
filelock = ">=3.0.0"
packaging = ">=14"
pluggy = ">=0.12.0"
py = ">=1.4.17"
six = ">=1.14.0"
toml = ">=0.9.4"
virtualenv = ">=16.0.0,<20.0.0 || >20.0.0,<20.0.1 || >20.0.1,<20.0.2 || >20.0.2,<20.0.3 || >20.0.3,<20.0.4 || >20.0.4,<20.0.5 || >20.0.5,<20.0.6 || >20.0.6,<20.0.7 || >20.0.7"

[package.extras]
docs = ["pygments-github-lexers (>=0.0.5)", "sphinx (>=2.0.0)", "sphinxcontrib-autoprogram (>=0.1.5)", "towncrier (>=18.5.0)"]
testing = ["flaky (>=3.4.0)", "freezegun (>=0.3.11)", "psutil (>=5.6.1)", "pytest (>=4.0.0)", "pytest-cov (>=2.5.1)", "pytest-mock (>=1.10.0)", "pytest-randomly (>=1.0.0)", "pytest-xdist (>=1.22.2)", "pathlib2 (>=2.3.3)"]

[[package]]
name = "typed-ast"
version = "1.4.2"
description = "a fork of Python 2 and 3 ast modules with type comment support"
category = "dev"
optional = false
python-versions = "*"

[[package]]
name = "typing-extensions"
version = "3.7.4.3"
description = "Backported and Experimental Type Hints for Python 3.5+"
category = "dev"
optional = false
python-versions = "*"

[[package]]
name = "urllib3"
version = "1.26.3"
description = "HTTP library with thread-safe connection pooling, file post, and more."
category = "dev"
optional = false
python-versions = ">=2.7, !=3.0.*, !=3.1.*, !=3.2.*, !=3.3.*, !=3.4.*, <4"

[package.extras]
brotli = ["brotlipy (>=0.6.0)"]
secure = ["pyOpenSSL (>=0.14)", "cryptography (>=1.3.4)", "idna (>=2.0.0)", "certifi", "ipaddress"]
socks = ["PySocks (>=1.5.6,!=1.5.7,<2.0)"]

[[package]]
name = "virtualenv"
version = "20.4.2"
description = "Virtual Python Environment builder"
category = "dev"
optional = false
python-versions = "!=3.0.*,!=3.1.*,!=3.2.*,!=3.3.*,>=2.7"

[package.dependencies]
appdirs = ">=1.4.3,<2"
distlib = ">=0.3.1,<1"
filelock = ">=3.0.0,<4"
six = ">=1.9.0,<2"

[package.extras]
docs = ["proselint (>=0.10.2)", "sphinx (>=3)", "sphinx-argparse (>=0.2.5)", "sphinx-rtd-theme (>=0.4.3)", "towncrier (>=19.9.0rc1)"]
testing = ["coverage (>=4)", "coverage-enable-subprocess (>=1)", "flaky (>=3)", "pytest (>=4)", "pytest-env (>=0.6.2)", "pytest-freezegun (>=0.4.1)", "pytest-mock (>=2)", "pytest-randomly (>=1)", "pytest-timeout (>=1)", "packaging (>=20.0)", "xonsh (>=0.9.16)"]

[[package]]
name = "webencodings"
version = "0.5.1"
description = "Character encoding aliases for legacy web content"
category = "dev"
optional = false
python-versions = "*"

[[package]]
name = "wemake-python-styleguide"
version = "0.15.0"
description = "The strictest and most opinionated python linter ever"
category = "dev"
optional = false
python-versions = ">=3.6,<4.0"

[package.dependencies]
astor = ">=0.8,<0.9"
attrs = "*"
darglint = ">=1.2,<2.0"
flake8 = ">=3.7,<4.0"
flake8-bandit = ">=2.1,<3.0"
flake8-broken-line = ">=0.3,<0.4"
flake8-bugbear = ">=20.1,<21.0"
flake8-commas = ">=2.0,<3.0"
flake8-comprehensions = ">=3.1,<4.0"
flake8-debugger = ">=4.0,<5.0"
flake8-docstrings = ">=1.3,<2.0"
flake8-eradicate = ">=1.0,<2.0"
flake8-isort = ">=4.0,<5.0"
flake8-quotes = ">=3.0,<4.0"
flake8-rst-docstrings = ">=0.0.14,<0.0.15"
flake8-string-format = ">=0.3,<0.4"
pep8-naming = ">=0.11,<0.12"
pygments = ">=2.4,<3.0"
typing_extensions = ">=3.6,<4.0"

[[package]]
name = "win32-setctime"
version = "1.0.3"
description = "A small Python utility to set file creation time on Windows"
category = "dev"
optional = false
python-versions = ">=3.5"

[package.extras]
dev = ["pytest (>=4.6.2)", "black (>=19.3b0)"]

[[package]]
name = "wrapt"
version = "1.12.1"
description = "Module for decorators, wrappers and monkey patching."
category = "dev"
optional = false
python-versions = "*"

[metadata]
lock-version = "1.1"
python-versions = "^3.9"
content-hash = "af127970b98270710d8fae39b69cf2e42c003bd86e7db0f5fea856bc3d4b8139"

[metadata.files]
alabaster = []
appdirs = []
astor = []
astroid = []
atomicwrites = []
attrs = []
autorepr = []
babel = []
bandit = []
beautifulsoup4 = []
black = []
bump2version = []
certifi = []
cfgv = []
chardet = []
click = []
colorama = []
configupdater = []
coverage = []
darglint = []
dictdiffer = []
distlib = []
doc8 = []
docutils = []
dparse = []
eradicate = []
filelock = []
flake8 = []
flake8-bandit = []
flake8-broken-line = []
flake8-bugbear = []
flake8-commas = []
flake8-comprehensions = []
flake8-debugger = []
flake8-docstrings = []
flake8-eradicate = []
flake8-isort = []
flake8-plugin-utils = []
flake8-polyfill = []
flake8-pytest-style = []
flake8-quotes = []
flake8-rst-docstrings = []
flake8-string-format = []
gitdb = []
gitpython = []
html5lib = []
identify = []
idna = []
imagesize = []
iniconfig = []
isort = []
jinja2 = []
jmespath = []
lazy-object-proxy = []
loguru = []
m2r = []
markupsafe = []
marshmallow = []
marshmallow-polyfield = []
mccabe = []
mistune = []
more-itertools = []
mypy-extensions = []
nitpick = []
nodeenv = []
packaging = []
pathspec = []
pbr = []
pep8-naming = []
pluggy = []
pre-commit = []
py = []
pycodestyle = []
pydantic = []
pydocstyle = []
pyflakes = []
pygments = []
pylint = []
pyparsing = []
pytest = []
pytest-cov = []
pytest-randomly = []
python-slugify = []
pytz = []
pyyaml = []
regex = []
requests = []
restructuredtext-lint = []
"ruamel.yaml" = []
safety = []
six = []
smmap = []
snowballstemmer = []
sortedcontainers = []
soupsieve = []
sphinx = []
sphinx-autodoc-typehints = []
sphinxcontrib-applehelp = []
sphinxcontrib-devhelp = []
sphinxcontrib-htmlhelp = []
sphinxcontrib-jsmath = []
sphinxcontrib-qthelp = []
sphinxcontrib-serializinghtml = []
stevedore = []
testfixtures = []
text-unidecode = []
toml = []
tomlkit = []
tox = []
typed-ast = []
typing-extensions = []
urllib3 = []
virtualenv = []
webencodings = []
wemake-python-styleguide = []
win32-setctime = []
wrapt = []
